{
  "name": "engine",
  "version": "1.0.0",
  "lockfileVersion": 1,
  "requires": true,
  "dependencies": {
    "@types/istanbul-lib-coverage": {
      "version": "2.0.3",
      "resolved": "https://registry.nlark.com/@types/istanbul-lib-coverage/download/@types/istanbul-lib-coverage-2.0.3.tgz?cache=0&sync_timestamp=1621241456732&other_urls=https%3A%2F%2Fregistry.nlark.com%2F%40types%2Fistanbul-lib-coverage%2Fdownload%2F%40types%2Fistanbul-lib-coverage-2.0.3.tgz",
      "integrity": "sha1-S6jdtyAiH0MuRDvV+RF/0iz9R2I=",
      "dev": true
    },
    "@types/istanbul-lib-report": {
      "version": "3.0.0",
      "resolved": "https://registry.nlark.com/@types/istanbul-lib-report/download/@types/istanbul-lib-report-3.0.0.tgz",
      "integrity": "sha1-wUwk8Y6oGQwRjudWK3/5mjZVJoY=",
      "dev": true,
      "requires": {
        "@types/istanbul-lib-coverage": "*"
      }
    },
    "@types/istanbul-reports": {
      "version": "3.0.1",
      "resolved": "https://registry.nlark.com/@types/istanbul-reports/download/@types/istanbul-reports-3.0.1.tgz?cache=0&sync_timestamp=1622582672955&other_urls=https%3A%2F%2Fregistry.nlark.com%2F%40types%2Fistanbul-reports%2Fdownload%2F%40types%2Fistanbul-reports-3.0.1.tgz",
      "integrity": "sha1-kVP+mLuivVZaY63ZQ21vDX+EaP8=",
      "dev": true,
      "requires": {
        "@types/istanbul-lib-report": "*"
      }
    },
    "@types/jest": {
      "version": "26.0.24",
      "resolved": "https://registry.nlark.com/@types/jest/download/@types/jest-26.0.24.tgz?cache=0&sync_timestamp=1625608530245&other_urls=https%3A%2F%2Fregistry.nlark.com%2F%40types%2Fjest%2Fdownload%2F%40types%2Fjest-26.0.24.tgz",
      "integrity": "sha1-lD0Rl2sWc5GFkToZNuDeDEp9WVo=",
      "dev": true,
      "requires": {
        "jest-diff": "^26.0.0",
        "pretty-format": "^26.0.0"
      },
      "dependencies": {
        "@jest/types": {
          "version": "26.6.2",
          "resolved": "https://registry.nlark.com/@jest/types/download/@jest/types-26.6.2.tgz?cache=0&sync_timestamp=1624900118266&other_urls=https%3A%2F%2Fregistry.nlark.com%2F%40jest%2Ftypes%2Fdownload%2F%40jest%2Ftypes-26.6.2.tgz",
          "integrity": "sha1-vvWlMgMOHYii9abZM/hOlyJu1I4=",
          "dev": true,
          "requires": {
            "@types/istanbul-lib-coverage": "^2.0.0",
            "@types/istanbul-reports": "^3.0.0",
            "@types/node": "*",
            "@types/yargs": "^15.0.0",
            "chalk": "^4.0.0"
          }
        },
        "@types/yargs": {
          "version": "15.0.14",
          "resolved": "https://registry.nlark.com/@types/yargs/download/@types/yargs-15.0.14.tgz?cache=0&sync_timestamp=1625519108554&other_urls=https%3A%2F%2Fregistry.nlark.com%2F%40types%2Fyargs%2Fdownload%2F%40types%2Fyargs-15.0.14.tgz",
          "integrity": "sha1-Jtgh3biecEkhYLZtEKDrbfj2+wY=",
          "dev": true,
          "requires": {
            "@types/yargs-parser": "*"
          }
        },
        "diff-sequences": {
          "version": "26.6.2",
          "resolved": "https://registry.nlark.com/diff-sequences/download/diff-sequences-26.6.2.tgz?cache=0&other_urls=https%3A%2F%2Fregistry.nlark.com%2Fdiff-sequences%2Fdownload%2Fdiff-sequences-26.6.2.tgz",
          "integrity": "sha1-SLqZFX3hkjQS7tQdtrbUqpynwLE=",
          "dev": true
        },
        "jest-diff": {
          "version": "26.6.2",
          "resolved": "https://registry.nlark.com/jest-diff/download/jest-diff-26.6.2.tgz",
          "integrity": "sha1-GqdGi1LDpo19XF/c381eSb0WQ5Q=",
          "dev": true,
          "requires": {
            "chalk": "^4.0.0",
            "diff-sequences": "^26.6.2",
            "jest-get-type": "^26.3.0",
            "pretty-format": "^26.6.2"
          }
        },
        "jest-get-type": {
          "version": "26.3.0",
          "resolved": "https://registry.nlark.com/jest-get-type/download/jest-get-type-26.3.0.tgz?cache=0&other_urls=https%3A%2F%2Fregistry.nlark.com%2Fjest-get-type%2Fdownload%2Fjest-get-type-26.3.0.tgz",
          "integrity": "sha1-6X3Dw/U8K0Bsp6+u1Ek7HQmRmeA=",
          "dev": true
        },
        "pretty-format": {
          "version": "26.6.2",
          "resolved": "https://registry.nlark.com/pretty-format/download/pretty-format-26.6.2.tgz",
          "integrity": "sha1-41wnBfFMt/4v6U+geDRbREEg/JM=",
          "dev": true,
          "requires": {
            "@jest/types": "^26.6.2",
            "ansi-regex": "^5.0.0",
            "ansi-styles": "^4.0.0",
            "react-is": "^17.0.1"
          }
        }
      }
    },
    "@types/node": {
      "version": "16.4.13",
      "resolved": "https://registry.nlark.com/@types/node/download/@types/node-16.4.13.tgz?cache=0&sync_timestamp=1628211811317&other_urls=https%3A%2F%2Fregistry.nlark.com%2F%40types%2Fnode%2Fdownload%2F%40types%2Fnode-16.4.13.tgz",
      "integrity": "sha1-ff2cFGYe3GXMzUOinrRUF0ZCNw0=",
      "dev": true
    },
    "@types/yargs-parser": {
      "version": "20.2.1",
      "resolved": "https://registry.nlark.com/@types/yargs-parser/download/@types/yargs-parser-20.2.1.tgz",
      "integrity": "sha1-O5ziSJkZ2eT+pDm3aRarw0st8Sk=",
      "dev": true
    },
    "ansi-regex": {
      "version": "5.0.0",
      "resolved": "https://registry.npm.taobao.org/ansi-regex/download/ansi-regex-5.0.0.tgz",
      "integrity": "sha1-OIU59VF5vzkznIGvMKZU1p+Hy3U=",
      "dev": true
    },
    "ansi-styles": {
      "version": "4.3.0",
      "resolved": "https://registry.nlark.com/ansi-styles/download/ansi-styles-4.3.0.tgz?cache=0&sync_timestamp=1618995651629&other_urls=https%3A%2F%2Fregistry.nlark.com%2Fansi-styles%2Fdownload%2Fansi-styles-4.3.0.tgz",
      "integrity": "sha1-7dgDYornHATIWuegkG7a00tkiTc=",
      "dev": true,
      "requires": {
        "color-convert": "^2.0.1"
      }
    },
    "camel-case": {
      "version": "4.1.2",
      "resolved": "https://registry.npm.taobao.org/camel-case/download/camel-case-4.1.2.tgz?cache=0&sync_timestamp=1606867311564&other_urls=https%3A%2F%2Fregistry.npm.taobao.org%2Fcamel-case%2Fdownload%2Fcamel-case-4.1.2.tgz",
      "integrity": "sha1-lygHKpVPgFIoIlpt7qazhGHhvVo=",
      "dev": true,
      "requires": {
        "pascal-case": "^3.1.2",
        "tslib": "^2.0.3"
      }
    },
    "capital-case": {
      "version": "1.0.4",
      "resolved": "https://registry.npm.taobao.org/capital-case/download/capital-case-1.0.4.tgz?cache=0&sync_timestamp=1606867282943&other_urls=https%3A%2F%2Fregistry.npm.taobao.org%2Fcapital-case%2Fdownload%2Fcapital-case-1.0.4.tgz",
      "integrity": "sha1-nRMCkjU8kkn2sA+lhSvuOKcX5mk=",
      "dev": true,
      "requires": {
        "no-case": "^3.0.4",
        "tslib": "^2.0.3",
        "upper-case-first": "^2.0.2"
      }
    },
    "chalk": {
      "version": "4.1.2",
      "resolved": "https://registry.nlark.com/chalk/download/chalk-4.1.2.tgz?cache=0&sync_timestamp=1627646697260&other_urls=https%3A%2F%2Fregistry.nlark.com%2Fchalk%2Fdownload%2Fchalk-4.1.2.tgz",
      "integrity": "sha1-qsTit3NKdAhnrrFr8CqtVWoeegE=",
      "dev": true,
      "requires": {
        "ansi-styles": "^4.1.0",
        "supports-color": "^7.1.0"
      }
    },
    "change-case": {
      "version": "4.1.2",
      "resolved": "https://registry.nlark.com/change-case/download/change-case-4.1.2.tgz",
      "integrity": "sha1-/t/F8TYEXiOYwEEO5EH5VwRkHhI=",
      "dev": true,
      "requires": {
        "camel-case": "^4.1.2",
        "capital-case": "^1.0.4",
        "constant-case": "^3.0.4",
        "dot-case": "^3.0.4",
        "header-case": "^2.0.4",
        "no-case": "^3.0.4",
        "param-case": "^3.0.4",
        "pascal-case": "^3.1.2",
        "path-case": "^3.0.4",
        "sentence-case": "^3.0.4",
        "snake-case": "^3.0.4",
        "tslib": "^2.0.3"
      }
    },
    "color-convert": {
      "version": "2.0.1",
      "resolved": "https://registry.npm.taobao.org/color-convert/download/color-convert-2.0.1.tgz",
      "integrity": "sha1-ctOmjVmMm9s68q0ehPIdiWq9TeM=",
      "dev": true,
      "requires": {
        "color-name": "~1.1.4"
      }
    },
    "color-name": {
      "version": "1.1.4",
      "resolved": "https://registry.npm.taobao.org/color-name/download/color-name-1.1.4.tgz",
      "integrity": "sha1-wqCah6y95pVD3m9j+jmVyCbFNqI=",
      "dev": true
    },
    "commander": {
      "version": "8.1.0",
      "resolved": "https://registry.nlark.com/commander/download/commander-8.1.0.tgz?cache=0&sync_timestamp=1627358314526&other_urls=https%3A%2F%2Fregistry.nlark.com%2Fcommander%2Fdownload%2Fcommander-8.1.0.tgz",
      "integrity": "sha1-2zbj5m7fJP9ZHWOYYsarLFJmQ2I="
    },
    "constant-case": {
      "version": "3.0.4",
      "resolved": "https://registry.nlark.com/constant-case/download/constant-case-3.0.4.tgz",
      "integrity": "sha1-O4Sprq9M8x7EXmv13pG9+wWJ+vE=",
      "dev": true,
      "requires": {
        "no-case": "^3.0.4",
        "tslib": "^2.0.3",
        "upper-case": "^2.0.2"
      }
    },
    "dot-case": {
      "version": "3.0.4",
      "resolved": "https://registry.nlark.com/dot-case/download/dot-case-3.0.4.tgz",
      "integrity": "sha1-mytnDQCkMWZ6inW6Kc0bmICc51E=",
      "dev": true,
      "requires": {
        "no-case": "^3.0.4",
        "tslib": "^2.0.3"
      }
    },
    "has-flag": {
      "version": "4.0.0",
      "resolved": "https://registry.nlark.com/has-flag/download/has-flag-4.0.0.tgz?cache=0&sync_timestamp=1626715907927&other_urls=https%3A%2F%2Fregistry.nlark.com%2Fhas-flag%2Fdownload%2Fhas-flag-4.0.0.tgz",
      "integrity": "sha1-lEdx/ZyByBJlxNaUGGDaBrtZR5s=",
      "dev": true
    },
    "header-case": {
      "version": "2.0.4",
      "resolved": "https://registry.nlark.com/header-case/download/header-case-2.0.4.tgz",
      "integrity": "sha1-WkLmO1UXc0nPQFvrjXdayruSwGM=",
      "dev": true,
      "requires": {
        "capital-case": "^1.0.4",
        "tslib": "^2.0.3"
      }
    },
    "lower-case": {
      "version": "2.0.2",
      "resolved": "https://registry.npm.taobao.org/lower-case/download/lower-case-2.0.2.tgz?cache=0&sync_timestamp=1606867384237&other_urls=https%3A%2F%2Fregistry.npm.taobao.org%2Flower-case%2Fdownload%2Flower-case-2.0.2.tgz",
      "integrity": "sha1-b6I3xj29xKgsoP2ILkci3F5jTig=",
      "dev": true,
      "requires": {
        "tslib": "^2.0.3"
      }
    },
    "no-case": {
      "version": "3.0.4",
      "resolved": "https://registry.npm.taobao.org/no-case/download/no-case-3.0.4.tgz?cache=0&sync_timestamp=1606867284055&other_urls=https%3A%2F%2Fregistry.npm.taobao.org%2Fno-case%2Fdownload%2Fno-case-3.0.4.tgz",
      "integrity": "sha1-02H9XJgA9VhVGoNp/A3NRmK2Ek0=",
      "dev": true,
      "requires": {
        "lower-case": "^2.0.2",
        "tslib": "^2.0.3"
      }
    },
    "param-case": {
      "version": "3.0.4",
      "resolved": "https://registry.npm.taobao.org/param-case/download/param-case-3.0.4.tgz?cache=0&sync_timestamp=1606867311360&other_urls=https%3A%2F%2Fregistry.npm.taobao.org%2Fparam-case%2Fdownload%2Fparam-case-3.0.4.tgz",
      "integrity": "sha1-fRf+SqEr3jTUp32RrPtiGcqtAcU=",
      "dev": true,
      "requires": {
        "dot-case": "^3.0.4",
        "tslib": "^2.0.3"
      }
    },
    "pascal-case": {
      "version": "3.1.2",
      "resolved": "https://registry.npm.taobao.org/pascal-case/download/pascal-case-3.1.2.tgz?cache=0&sync_timestamp=1606867255187&other_urls=https%3A%2F%2Fregistry.npm.taobao.org%2Fpascal-case%2Fdownload%2Fpascal-case-3.1.2.tgz",
      "integrity": "sha1-tI4O8rmOIF58Ha50fQsVCCN2YOs=",
      "dev": true,
      "requires": {
        "no-case": "^3.0.4",
        "tslib": "^2.0.3"
      }
    },
    "path-case": {
      "version": "3.0.4",
      "resolved": "https://registry.npm.taobao.org/path-case/download/path-case-3.0.4.tgz",
      "integrity": "sha1-kWhkUzTrlCZYN1xW+AtMDLX4LG8=",
      "dev": true,
      "requires": {
        "dot-case": "^3.0.4",
        "tslib": "^2.0.3"
      }
    },
    "react-is": {
      "version": "17.0.2",
      "resolved": "https://registry.nlark.com/react-is/download/react-is-17.0.2.tgz",
      "integrity": "sha1-5pHUqOnHiTZWVVOas3J2Kw77VPA=",
      "dev": true
    },
    "sentence-case": {
      "version": "3.0.4",
      "resolved": "https://registry.npm.taobao.org/sentence-case/download/sentence-case-3.0.4.tgz?cache=0&sync_timestamp=1606867255613&other_urls=https%3A%2F%2Fregistry.npm.taobao.org%2Fsentence-case%2Fdownload%2Fsentence-case-3.0.4.tgz",
      "integrity": "sha1-NkWnuMEXx4f96HAgViJbtipFEx8=",
      "dev": true,
      "requires": {
        "no-case": "^3.0.4",
        "tslib": "^2.0.3",
        "upper-case-first": "^2.0.2"
      }
    },
    "snake-case": {
      "version": "3.0.4",
      "resolved": "https://registry.npm.taobao.org/snake-case/download/snake-case-3.0.4.tgz",
      "integrity": "sha1-Tyu9Vo6ZNavf1ZPzTGkdrbScRSw=",
      "dev": true,
      "requires": {
        "dot-case": "^3.0.4",
        "tslib": "^2.0.3"
      }
    },
    "supports-color": {
      "version": "7.2.0",
      "resolved": "https://registry.nlark.com/supports-color/download/supports-color-7.2.0.tgz?cache=0&sync_timestamp=1626703400240&other_urls=https%3A%2F%2Fregistry.nlark.com%2Fsupports-color%2Fdownload%2Fsupports-color-7.2.0.tgz",
      "integrity": "sha1-G33NyzK4E4gBs+R4umpRyqiWSNo=",
      "dev": true,
      "requires": {
        "has-flag": "^4.0.0"
      }
    },
    "tslib": {
      "version": "2.3.0",
      "resolved": "https://registry.nlark.com/tslib/download/tslib-2.3.0.tgz?cache=0&sync_timestamp=1623450901878&other_urls=https%3A%2F%2Fregistry.nlark.com%2Ftslib%2Fdownload%2Ftslib-2.3.0.tgz",
      "integrity": "sha1-gDuM2rPhK6WBpMpByIObuw2ssJ4=",
      "dev": true
    },
    "typescript": {
      "version": "4.3.5",
      "resolved": "https://registry.nlark.com/typescript/download/typescript-4.3.5.tgz?cache=0&sync_timestamp=1628234260489&other_urls=https%3A%2F%2Fregistry.nlark.com%2Ftypescript%2Fdownload%2Ftypescript-4.3.5.tgz",
      "integrity": "sha1-TRw3zBbok5c8RaBohrcRMjTxGfQ=",
      "dev": true
    },
    "upper-case": {
      "version": "2.0.2",
      "resolved": "https://registry.npm.taobao.org/upper-case/download/upper-case-2.0.2.tgz?cache=0&sync_timestamp=1606859943902&other_urls=https%3A%2F%2Fregistry.npm.taobao.org%2Fupper-case%2Fdownload%2Fupper-case-2.0.2.tgz",
      "integrity": "sha1-2JgQgj+qsd8VSbfZenb4Ziuub3o=",
      "dev": true,
      "requires": {
        "tslib": "^2.0.3"
      }
    },
    "upper-case-first": {
      "version": "2.0.2",
      "resolved": "https://registry.npm.taobao.org/upper-case-first/download/upper-case-first-2.0.2.tgz?cache=0&sync_timestamp=1606867254610&other_urls=https%3A%2F%2Fregistry.npm.taobao.org%2Fupper-case-first%2Fdownload%2Fupper-case-first-2.0.2.tgz",
      "integrity": "sha1-mSwyc/iCq9GdHgKJTMFHEX+EQyQ=",
      "dev": true,
      "requires": {
        "tslib": "^2.0.3"
      }
    }
  }
}
